// !$*UTF8*$!
{
	archiveVersion = 1;
	classes = {
	};
	objectVersion = 46;
	objects = {

/* Begin PBXBuildFile section */
		D04CD7631B9E7A210047220E /* AppDelegate.m in Sources */ = {isa = PBXBuildFile; fileRef = D04CD7621B9E7A210047220E /* AppDelegate.m */; };
		D04CD7661B9E7A210047220E /* main.m in Sources */ = {isa = PBXBuildFile; fileRef = D04CD7651B9E7A210047220E /* main.m */; };
		D04CD7691B9E7A210047220E /* ViewController.m in Sources */ = {isa = PBXBuildFile; fileRef = D04CD7681B9E7A210047220E /* ViewController.m */; };
		D04CD76B1B9E7A210047220E /* Assets.xcassets in Resources */ = {isa = PBXBuildFile; fileRef = D04CD76A1B9E7A210047220E /* Assets.xcassets */; };
		D04CD76E1B9E7A210047220E /* Main.storyboard in Resources */ = {isa = PBXBuildFile; fileRef = D04CD76C1B9E7A210047220E /* Main.storyboard */; };
		D04CD7791B9E7A220047220E /* Space_SaverTests.m in Sources */ = {isa = PBXBuildFile; fileRef = D04CD7781B9E7A220047220E /* Space_SaverTests.m */; };
		D04CD7841B9E7A220047220E /* Space_SaverUITests.m in Sources */ = {isa = PBXBuildFile; fileRef = D04CD7831B9E7A220047220E /* Space_SaverUITests.m */; };
/* End PBXBuildFile section */

/* Begin PBXContainerItemProxy section */
		D04CD7751B9E7A220047220E /* PBXContainerItemProxy */ = {
			isa = PBXContainerItemProxy;
			containerPortal = D04CD7561B9E7A210047220E /* Project object */;
			proxyType = 1;
			remoteGlobalIDString = D04CD75D1B9E7A210047220E;
			remoteInfo = "Space Saver";
		};
		D04CD7801B9E7A220047220E /* PBXContainerItemProxy */ = {
			isa = PBXContainerItemProxy;
			containerPortal = D04CD7561B9E7A210047220E /* Project object */;
			proxyType = 1;
			remoteGlobalIDString = D04CD75D1B9E7A210047220E;
			remoteInfo = "Space Saver";
		};
/* End PBXContainerItemProxy section */

/* Begin PBXFileReference section */
		D04CD75E1B9E7A210047220E /* Space Saver.app */ = {isa = PBXFileReference; explicitFileType = wrapper.application; includeInIndex = 0; path = "Space Saver.app"; sourceTree = BUILT_PRODUCTS_DIR; };
		D04CD7611B9E7A210047220E /* AppDelegate.h */ = {isa = PBXFileReference; lastKnownFileType = sourcecode.c.h; path = AppDelegate.h; sourceTree = "<group>"; };
		D04CD7621B9E7A210047220E /* AppDelegate.m */ = {isa = PBXFileReference; lastKnownFileType = sourcecode.c.objc; path = AppDelegate.m; sourceTree = "<group>"; };
		D04CD7651B9E7A210047220E /* main.m */ = {isa = PBXFileReference; lastKnownFileType = sourcecode.c.objc; path = main.m; sourceTree = "<group>"; };
		D04CD7671B9E7A210047220E /* ViewController.h */ = {isa = PBXFileReference; lastKnownFileType = sourcecode.c.h; path = ViewController.h; sourceTree = "<group>"; };
		D04CD7681B9E7A210047220E /* ViewController.m */ = {isa = PBXFileReference; lastKnownFileType = sourcecode.c.objc; path = ViewController.m; sourceTree = "<group>"; };
		D04CD76A1B9E7A210047220E /* Assets.xcassets */ = {isa = PBXFileReference; lastKnownFileType = folder.assetcatalog; path = Assets.xcassets; sourceTree = "<group>"; };
		D04CD76D1B9E7A210047220E /* Base */ = {isa = PBXFileReference; lastKnownFileType = file.storyboard; name = Base; path = Base.lproj/Main.storyboard; sourceTree = "<group>"; };
		D04CD76F1B9E7A210047220E /* Info.plist */ = {isa = PBXFileReference; lastKnownFileType = text.plist.xml; path = Info.plist; sourceTree = "<group>"; };
		D04CD7741B9E7A220047220E /* Space SaverTests.xctest */ = {isa = PBXFileReference; explicitFileType = wrapper.cfbundle; includeInIndex = 0; path = "Space SaverTests.xctest"; sourceTree = BUILT_PRODUCTS_DIR; };
		D04CD7781B9E7A220047220E /* Space_SaverTests.m */ = {isa = PBXFileReference; lastKnownFileType = sourcecode.c.objc; path = Space_SaverTests.m; sourceTree = "<group>"; };
		D04CD77A1B9E7A220047220E /* Info.plist */ = {isa = PBXFileReference; lastKnownFileType = text.plist.xml; path = Info.plist; sourceTree = "<group>"; };
		D04CD77F1B9E7A220047220E /* Space SaverUITests.xctest */ = {isa = PBXFileReference; explicitFileType = wrapper.cfbundle; includeInIndex = 0; path = "Space SaverUITests.xctest"; sourceTree = BUILT_PRODUCTS_DIR; };
		D04CD7831B9E7A220047220E /* Space_SaverUITests.m */ = {isa = PBXFileReference; lastKnownFileType = sourcecode.c.objc; path = Space_SaverUITests.m; sourceTree = "<group>"; };
		D04CD7851B9E7A220047220E /* Info.plist */ = {isa = PBXFileReference; lastKnownFileType = text.plist.xml; path = Info.plist; sourceTree = "<group>"; };
/* End PBXFileReference section */

/* Begin PBXFrameworksBuildPhase section */
		D04CD75B1B9E7A210047220E /* Frameworks */ = {
			isa = PBXFrameworksBuildPhase;
			buildActionMask = 2147483647;
			files = (
			);
			runOnlyForDeploymentPostprocessing = 0;
		};
		D04CD7711B9E7A220047220E /* Frameworks */ = {
			isa = PBXFrameworksBuildPhase;
			buildActionMask = 2147483647;
			files = (
			);
			runOnlyForDeploymentPostprocessing = 0;
		};
		D04CD77C1B9E7A220047220E /* Frameworks */ = {
			isa = PBXFrameworksBuildPhase;
			buildActionMask = 2147483647;
			files = (
			);
			runOnlyForDeploymentPostprocessing = 0;
		};
/* End PBXFrameworksBuildPhase section */

/* Begin PBXGroup section */
		D04CD7551B9E7A210047220E = {
			isa = PBXGroup;
			children = (
				D04CD7601B9E7A210047220E /* Space Saver */,
				D04CD7771B9E7A220047220E /* Space SaverTests */,
				D04CD7821B9E7A220047220E /* Space SaverUITests */,
				D04CD75F1B9E7A210047220E /* Products */,
			);
			sourceTree = "<group>";
		};
		D04CD75F1B9E7A210047220E /* Products */ = {
			isa = PBXGroup;
			children = (
				D04CD75E1B9E7A210047220E /* Space Saver.app */,
				D04CD7741B9E7A220047220E /* Space SaverTests.xctest */,
				D04CD77F1B9E7A220047220E /* Space SaverUITests.xctest */,
			);
			name = Products;
			sourceTree = "<group>";
		};
		D04CD7601B9E7A210047220E /* Space Saver */ = {
			isa = PBXGroup;
			children = (
				D04CD7611B9E7A210047220E /* AppDelegate.h */,
				D04CD7621B9E7A210047220E /* AppDelegate.m */,
				D04CD7671B9E7A210047220E /* ViewController.h */,
				D04CD7681B9E7A210047220E /* ViewController.m */,
				D04CD76A1B9E7A210047220E /* Assets.xcassets */,
				D04CD76C1B9E7A210047220E /* Main.storyboard */,
				D04CD76F1B9E7A210047220E /* Info.plist */,
				D04CD7641B9E7A210047220E /* Supporting Files */,
			);
			path = "Space Saver";
			sourceTree = "<group>";
		};
		D04CD7641B9E7A210047220E /* Supporting Files */ = {
			isa = PBXGroup;
			children = (
				D04CD7651B9E7A210047220E /* main.m */,
			);
			name = "Supporting Files";
			sourceTree = "<group>";
		};
		D04CD7771B9E7A220047220E /* Space SaverTests */ = {
			isa = PBXGroup;
			children = (
				D04CD7781B9E7A220047220E /* Space_SaverTests.m */,
				D04CD77A1B9E7A220047220E /* Info.plist */,
			);
			path = "Space SaverTests";
			sourceTree = "<group>";
		};
		D04CD7821B9E7A220047220E /* Space SaverUITests */ = {
			isa = PBXGroup;
			children = (
				D04CD7831B9E7A220047220E /* Space_SaverUITests.m */,
				D04CD7851B9E7A220047220E /* Info.plist */,
			);
			path = "Space SaverUITests";
			sourceTree = "<group>";
		};
/* End PBXGroup section */

/* Begin PBXNativeTarget section */
		D04CD75D1B9E7A210047220E /* Space Saver */ = {
			isa = PBXNativeTarget;
			buildConfigurationList = D04CD7881B9E7A220047220E /* Build configuration list for PBXNativeTarget "Space Saver" */;
			buildPhases = (
				D04CD75A1B9E7A210047220E /* Sources */,
				D04CD75B1B9E7A210047220E /* Frameworks */,
				D04CD75C1B9E7A210047220E /* Resources */,
			);
			buildRules = (
			);
			dependencies = (
			);
			name = "Space Saver";
			productName = "Space Saver";
			productReference = D04CD75E1B9E7A210047220E /* Space Saver.app */;
			productType = "com.apple.product-type.application";
		};
		D04CD7731B9E7A220047220E /* Space SaverTests */ = {
			isa = PBXNativeTarget;
			buildConfigurationList = D04CD78B1B9E7A220047220E /* Build configuration list for PBXNativeTarget "Space SaverTests" */;
			buildPhases = (
				D04CD7701B9E7A220047220E /* Sources */,
				D04CD7711B9E7A220047220E /* Frameworks */,
				D04CD7721B9E7A220047220E /* Resources */,
			);
			buildRules = (
			);
			dependencies = (
				D04CD7761B9E7A220047220E /* PBXTargetDependency */,
			);
			name = "Space SaverTests";
			productName = "Space SaverTests";
			productReference = D04CD7741B9E7A220047220E /* Space SaverTests.xctest */;
			productType = "com.apple.product-type.bundle.unit-test";
		};
		D04CD77E1B9E7A220047220E /* Space SaverUITests */ = {
			isa = PBXNativeTarget;
			buildConfigurationList = D04CD78E1B9E7A220047220E /* Build configuration list for PBXNativeTarget "Space SaverUITests" */;
			buildPhases = (
				D04CD77B1B9E7A220047220E /* Sources */,
				D04CD77C1B9E7A220047220E /* Frameworks */,
				D04CD77D1B9E7A220047220E /* Resources */,
			);
			buildRules = (
			);
			dependencies = (
				D04CD7811B9E7A220047220E /* PBXTargetDependency */,
			);
			name = "Space SaverUITests";
			productName = "Space SaverUITests";
			productReference = D04CD77F1B9E7A220047220E /* Space SaverUITests.xctest */;
			productType = "com.apple.product-type.bundle.ui-testing";
		};
/* End PBXNativeTarget section */

/* Begin PBXProject section */
		D04CD7561B9E7A210047220E /* Project object */ = {
			isa = PBXProject;
			attributes = {
				LastUpgradeCheck = 0700;
				ORGANIZATIONNAME = oklasoft;
				TargetAttributes = {
					D04CD75D1B9E7A210047220E = {
						CreatedOnToolsVersion = 7.0;
					};
					D04CD7731B9E7A220047220E = {
						CreatedOnToolsVersion = 7.0;
						TestTargetID = D04CD75D1B9E7A210047220E;
					};
					D04CD77E1B9E7A220047220E = {
						CreatedOnToolsVersion = 7.0;
						TestTargetID = D04CD75D1B9E7A210047220E;
					};
				};
			};
			buildConfigurationList = D04CD7591B9E7A210047220E /* Build configuration list for PBXProject "Space Saver" */;
			compatibilityVersion = "Xcode 3.2";
			developmentRegion = English;
			hasScannedForEncodings = 0;
			knownRegions = (
				en,
				Base,
			);
			mainGroup = D04CD7551B9E7A210047220E;
			productRefGroup = D04CD75F1B9E7A210047220E /* Products */;
			projectDirPath = "";
			projectRoot = "";
			targets = (
				D04CD75D1B9E7A210047220E /* Space Saver */,
				D04CD7731B9E7A220047220E /* Space SaverTests */,
				D04CD77E1B9E7A220047220E /* Space SaverUITests */,
			);
		};
/* End PBXProject section */

/* Begin PBXResourcesBuildPhase section */
		D04CD75C1B9E7A210047220E /* Resources */ = {
			isa = PBXResourcesBuildPhase;
			buildActionMask = 2147483647;
			files = (
				D04CD76B1B9E7A210047220E /* Assets.xcassets in Resources */,
				D04CD76E1B9E7A210047220E /* Main.storyboard in Resources */,
			);
			runOnlyForDeploymentPostprocessing = 0;
		};
		D04CD7721B9E7A220047220E /* Resources */ = {
			isa = PBXResourcesBuildPhase;
			buildActionMask = 2147483647;
			files = (
			);
			runOnlyForDeploymentPostprocessing = 0;
		};
		D04CD77D1B9E7A220047220E /* Resources */ = {
			isa = PBXResourcesBuildPhase;
			buildActionMask = 2147483647;
			files = (
			);
			runOnlyForDeploymentPostprocessing = 0;
		};
/* End PBXResourcesBuildPhase section */

/* Begin PBXSourcesBuildPhase section */
		D04CD75A1B9E7A210047220E /* Sources */ = {
			isa = PBXSourcesBuildPhase;
			buildActionMask = 2147483647;
			files = (
				D04CD7691B9E7A210047220E /* ViewController.m in Sources */,
				D04CD7661B9E7A210047220E /* main.m in Sources */,
				D04CD7631B9E7A210047220E /* AppDelegate.m in Sources */,
			);
			runOnlyForDeploymentPostprocessing = 0;
		};
		D04CD7701B9E7A220047220E /* Sources */ = {
			isa = PBXSourcesBuildPhase;
			buildActionMask = 2147483647;
			files = (
				D04CD7791B9E7A220047220E /* Space_SaverTests.m in Sources */,
			);
			runOnlyForDeploymentPostprocessing = 0;
		};
		D04CD77B1B9E7A220047220E /* Sources */ = {
			isa = PBXSourcesBuildPhase;
			buildActionMask = 2147483647;
			files = (
				D04CD7841B9E7A220047220E /* Space_SaverUITests.m in Sources */,
			);
			runOnlyForDeploymentPostprocessing = 0;
		};
/* End PBXSourcesBuildPhase section */

/* Begin PBXTargetDependency section */
		D04CD7761B9E7A220047220E /* PBXTargetDependency */ = {
			isa = PBXTargetDependency;
			target = D04CD75D1B9E7A210047220E /* Space Saver */;
			targetProxy = D04CD7751B9E7A220047220E /* PBXContainerItemProxy */;
		};
		D04CD7811B9E7A220047220E /* PBXTargetDependency */ = {
			isa = PBXTargetDependency;
			target = D04CD75D1B9E7A210047220E /* Space Saver */;
			targetProxy = D04CD7801B9E7A220047220E /* PBXContainerItemProxy */;
		};
/* End PBXTargetDependency section */

/* Begin PBXVariantGroup section */
		D04CD76C1B9E7A210047220E /* Main.storyboard */ = {
			isa = PBXVariantGroup;
			children = (
				D04CD76D1B9E7A210047220E /* Base */,
			);
			name = Main.storyboard;
			sourceTree = "<group>";
		};
/* End PBXVariantGroup section */

/* Begin XCBuildConfiguration section */
		D04CD7861B9E7A220047220E /* Debug */ = {
			isa = XCBuildConfiguration;
			buildSettings = {
				ALWAYS_SEARCH_USER_PATHS = NO;
				CLANG_CXX_LANGUAGE_STANDARD = "gnu++0x";
				CLANG_CXX_LIBRARY = "libc++";
				CLANG_ENABLE_MODULES = YES;
				CLANG_ENABLE_OBJC_ARC = YES;
				CLANG_WARN_BOOL_CONVERSION = YES;
				CLANG_WARN_CONSTANT_CONVERSION = YES;
				CLANG_WARN_DIRECT_OBJC_ISA_USAGE = YES_ERROR;
				CLANG_WARN_EMPTY_BODY = YES;
				CLANG_WARN_ENUM_CONVERSION = YES;
				CLANG_WARN_INT_CONVERSION = YES;
				CLANG_WARN_OBJC_ROOT_CLASS = YES_ERROR;
				CLANG_WARN_UNREACHABLE_CODE = YES;
				CLANG_WARN__DUPLICATE_METHOD_MATCH = YES;
				CODE_SIGN_IDENTITY = "-";
				COPY_PHASE_STRIP = NO;
				DEBUG_INFORMATION_FORMAT = dwarf;
				ENABLE_STRICT_OBJC_MSGSEND = YES;
				ENABLE_TESTABILITY = YES;
				GCC_C_LANGUAGE_STANDARD = gnu99;
				GCC_DYNAMIC_NO_PIC = NO;
				GCC_NO_COMMON_BLOCKS = YES;
				GCC_OPTIMIZATION_LEVEL = 0;
				GCC_PREPROCESSOR_DEFINITIONS = (
					"DEBUG=1",
					"$(inherited)",
				);
				GCC_WARN_64_TO_32_BIT_CONVERSION = YES;
				GCC_WARN_ABOUT_RETURN_TYPE = YES_ERROR;
				GCC_WARN_UNDECLARED_SELECTOR = YES;
				GCC_WARN_UNINITIALIZED_AUTOS = YES_AGGRESSIVE;
				GCC_WARN_UNUSED_FUNCTION = YES;
				GCC_WARN_UNUSED_VARIABLE = YES;
				MACOSX_DEPLOYMENT_TARGET = 10.11;
				MTL_ENABLE_DEBUG_INFO = YES;
				ONLY_ACTIVE_ARCH = YES;
				SDKROOT = macosx;
			};
			name = Debug;
		};
		D04CD7871B9E7A220047220E /* Release */ = {
			isa = XCBuildConfiguration;
			buildSettings = {
				ALWAYS_SEARCH_USER_PATHS = NO;
				CLANG_CXX_LANGUAGE_STANDARD = "gnu++0x";
				CLANG_CXX_LIBRARY = "libc++";
				CLANG_ENABLE_MODULES = YES;
				CLANG_ENABLE_OBJC_ARC = YES;
				CLANG_WARN_BOOL_CONVERSION = YES;
				CLANG_WARN_CONSTANT_CONVERSION = YES;
				CLANG_WARN_DIRECT_OBJC_ISA_USAGE = YES_ERROR;
				CLANG_WARN_EMPTY_BODY = YES;
				CLANG_WARN_ENUM_CONVERSION = YES;
				CLANG_WARN_INT_CONVERSION = YES;
				CLANG_WARN_OBJC_ROOT_CLASS = YES_ERROR;
				CLANG_WARN_UNREACHABLE_CODE = YES;
				CLANG_WARN__DUPLICATE_METHOD_MATCH = YES;
				CODE_SIGN_IDENTITY = "-";
				COPY_PHASE_STRIP = NO;
				DEBUG_INFORMATION_FORMAT = "dwarf-with-dsym";
				ENABLE_NS_ASSERTIONS = NO;
				ENABLE_STRICT_OBJC_MSGSEND = YES;
				GCC_C_LANGUAGE_STANDARD = gnu99;
				GCC_NO_COMMON_BLOCKS = YES;
				GCC_WARN_64_TO_32_BIT_CONVERSION = YES;
				GCC_WARN_ABOUT_RETURN_TYPE = YES_ERROR;
				GCC_WARN_UNDECLARED_SELECTOR = YES;
				GCC_WARN_UNINITIALIZED_AUTOS = YES_AGGRESSIVE;
				GCC_WARN_UNUSED_FUNCTION = YES;
				GCC_WARN_UNUSED_VARIABLE = YES;
				MACOSX_DEPLOYMENT_TARGET = 10.11;
				MTL_ENABLE_DEBUG_INFO = NO;
				SDKROOT = macosx;
			};
			name = Release;
		};
		D04CD7891B9E7A220047220E /* Debug */ = {
			isa = XCBuildConfiguration;
			buildSettings = {
				ASSETCATALOG_COMPILER_APPICON_NAME = AppIcon;
				COMBINE_HIDPI_IMAGES = YES;
				INFOPLIST_FILE = "Space Saver/Info.plist";
				LD_RUNPATH_SEARCH_PATHS = "$(inherited) @executable_path/../Frameworks";
				PRODUCT_BUNDLE_IDENTIFIER = "com.oklasoft.Space-Saver";
				PRODUCT_NAME = "$(TARGET_NAME)";
			};
			name = Debug;
		};
		D04CD78A1B9E7A220047220E /* Release */ = {
			isa = XCBuildConfiguration;
			buildSettings = {
				ASSETCATALOG_COMPILER_APPICON_NAME = AppIcon;
				COMBINE_HIDPI_IMAGES = YES;
				INFOPLIST_FILE = "Space Saver/Info.plist";
				LD_RUNPATH_SEARCH_PATHS = "$(inherited) @executable_path/../Frameworks";
				PRODUCT_BUNDLE_IDENTIFIER = "com.oklasoft.Space-Saver";
				PRODUCT_NAME = "$(TARGET_NAME)";
			};
			name = Release;
		};
		D04CD78C1B9E7A220047220E /* Debug */ = {
			isa = XCBuildConfiguration;
			buildSettings = {
				BUNDLE_LOADER = "$(TEST_HOST)";
				COMBINE_HIDPI_IMAGES = YES;
				INFOPLIST_FILE = "Space SaverTests/Info.plist";
				LD_RUNPATH_SEARCH_PATHS = "$(inherited) @executable_path/../Frameworks @loader_path/../Frameworks";
				PRODUCT_BUNDLE_IDENTIFIER = "com.oklasoft.Space-SaverTests";
				PRODUCT_NAME = "$(TARGET_NAME)";
				TEST_HOST = "$(BUILT_PRODUCTS_DIR)/Space Saver.app/Contents/MacOS/Space Saver";
			};
			name = Debug;
		};
		D04CD78D1B9E7A220047220E /* Release */ = {
			isa = XCBuildConfiguration;
			buildSettings = {
				BUNDLE_LOADER = "$(TEST_HOST)";
				COMBINE_HIDPI_IMAGES = YES;
				INFOPLIST_FILE = "Space SaverTests/Info.plist";
				LD_RUNPATH_SEARCH_PATHS = "$(inherited) @executable_path/../Frameworks @loader_path/../Frameworks";
				PRODUCT_BUNDLE_IDENTIFIER = "com.oklasoft.Space-SaverTests";
				PRODUCT_NAME = "$(TARGET_NAME)";
				TEST_HOST = "$(BUILT_PRODUCTS_DIR)/Space Saver.app/Contents/MacOS/Space Saver";
			};
			name = Release;
		};
		D04CD78F1B9E7A220047220E /* Debug */ = {
			isa = XCBuildConfiguration;
			buildSettings = {
				COMBINE_HIDPI_IMAGES = YES;
				INFOPLIST_FILE = "Space SaverUITests/Info.plist";
				LD_RUNPATH_SEARCH_PATHS = "$(inherited) @executable_path/../Frameworks @loader_path/../Frameworks";
				PRODUCT_BUNDLE_IDENTIFIER = "com.oklasoft.Space-SaverUITests";
				PRODUCT_NAME = "$(TARGET_NAME)";
				TEST_TARGET_NAME = "Space Saver";
				USES_XCTRUNNER = YES;
			};
			name = Debug;
		};
		D04CD7901B9E7A220047220E /* Release */ = {
			isa = XCBuildConfiguration;
			buildSettings = {
				COMBINE_HIDPI_IMAGES = YES;
				INFOPLIST_FILE = "Space SaverUITests/Info.plist";
				LD_RUNPATH_SEARCH_PATHS = "$(inherited) @executable_path/../Frameworks @loader_path/../Frameworks";
				PRODUCT_BUNDLE_IDENTIFIER = "com.oklasoft.Space-SaverUITests";
				PRODUCT_NAME = "$(TARGET_NAME)";
				TEST_TARGET_NAME = "Space Saver";
				USES_XCTRUNNER = YES;
			};
			name = Release;
		};
/* End XCBuildConfiguration section */

/* Begin XCConfigurationList section */
		D04CD7591B9E7A210047220E /* Build configuration list for PBXProject "Space Saver" */ = {
			isa = XCConfigurationList;
			buildConfigurations = (
				D04CD7861B9E7A220047220E /* Debug */,
				D04CD7871B9E7A220047220E /* Release */,
			);
			defaultConfigurationIsVisible = 0;
			defaultConfigurationName = Release;
		};
		D04CD7881B9E7A220047220E /* Build configuration list for PBXNativeTarget "Space Saver" */ = {
			isa = XCConfigurationList;
			buildConfigurations = (
				D04CD7891B9E7A220047220E /* Debug */,
				D04CD78A1B9E7A220047220E /* Release */,
			);
			defaultConfigurationIsVisible = 0;
		};
		D04CD78B1B9E7A220047220E /* Build configuration list for PBXNativeTarget "Space SaverTests" */ = {
			isa = XCConfigurationList;
			buildConfigurations = (
				D04CD78C1B9E7A220047220E /* Debug */,
				D04CD78D1B9E7A220047220E /* Release */,
			);
			defaultConfigurationIsVisible = 0;
		};
		D04CD78E1B9E7A220047220E /* Build configuration list for PBXNativeTarget "Space SaverUITests" */ = {
			isa = XCConfigurationList;
			buildConfigurations = (
				D04CD78F1B9E7A220047220E /* Debug */,
				D04CD7901B9E7A220047220E /* Release */,
			);
			defaultConfigurationIsVisible = 0;
		};
/* End XCConfigurationList section */
	};
	rootObject = D04CD7561B9E7A210047220E /* Project object */;
}
